// !$*UTF8*$!
{
	archiveVersion = 1;
	classes = {
	};
	objectVersion = 50;
	objects = {

/* Begin PBXBuildFile section */
		FADA9774219B55B400DE03A9 /* AppDelegate.swift in Sources */ = {isa = PBXBuildFile; fileRef = FADA9773219B55B400DE03A9 /* AppDelegate.swift */; };
		FADA9776219B55B400DE03A9 /* ViewController.swift in Sources */ = {isa = PBXBuildFile; fileRef = FADA9775219B55B400DE03A9 /* ViewController.swift */; };
		FADA9779219B55B400DE03A9 /* Main.storyboard in Resources */ = {isa = PBXBuildFile; fileRef = FADA9777219B55B400DE03A9 /* Main.storyboard */; };
		FADA977B219B55C000DE03A9 /* Assets.xcassets in Resources */ = {isa = PBXBuildFile; fileRef = FADA977A219B55C000DE03A9 /* Assets.xcassets */; };
		FADA977E219B55C000DE03A9 /* LaunchScreen.storyboard in Resources */ = {isa = PBXBuildFile; fileRef = FADA977C219B55C000DE03A9 /* LaunchScreen.storyboard */; };
/* End PBXBuildFile section */

/* Begin PBXFileReference section */
		FADA9770219B55B400DE03A9 /* IosUIDesign_Youtube_Mitchell_Hudson.app */ = {isa = PBXFileReference; explicitFileType = wrapper.application; includeInIndex = 0; path = IosUIDesign_Youtube_Mitchell_Hudson.app; sourceTree = BUILT_PRODUCTS_DIR; };
		FADA9773219B55B400DE03A9 /* AppDelegate.swift */ = {isa = PBXFileReference; lastKnownFileType = sourcecode.swift; path = AppDelegate.swift; sourceTree = "<group>"; };
		FADA9775219B55B400DE03A9 /* ViewController.swift */ = {isa = PBXFileReference; lastKnownFileType = sourcecode.swift; path = ViewController.swift; sourceTree = "<group>"; };
		FADA9778219B55B400DE03A9 /* Base */ = {isa = PBXFileReference; lastKnownFileType = file.storyboard; name = Base; path = Base.lproj/Main.storyboard; sourceTree = "<group>"; };
		FADA977A219B55C000DE03A9 /* Assets.xcassets */ = {isa = PBXFileReference; lastKnownFileType = folder.assetcatalog; path = Assets.xcassets; sourceTree = "<group>"; };
		FADA977D219B55C000DE03A9 /* Base */ = {isa = PBXFileReference; lastKnownFileType = file.storyboard; name = Base; path = Base.lproj/LaunchScreen.storyboard; sourceTree = "<group>"; };
		FADA977F219B55C000DE03A9 /* Info.plist */ = {isa = PBXFileReference; lastKnownFileType = text.plist.xml; path = Info.plist; sourceTree = "<group>"; };
/* End PBXFileReference section */

/* Begin PBXFrameworksBuildPhase section */
		FADA976D219B55B300DE03A9 /* Frameworks */ = {
			isa = PBXFrameworksBuildPhase;
			buildActionMask = 2147483647;
			files = (
			);
			runOnlyForDeploymentPostprocessing = 0;
		};
/* End PBXFrameworksBuildPhase section */

/* Begin PBXGroup section */
		FADA9767219B55B300DE03A9 = {
			isa = PBXGroup;
			children = (
				FADA9772219B55B400DE03A9 /* IosUIDesign_Youtube_Mitchell_Hudson */,
				FADA9771219B55B400DE03A9 /* Products */,
			);
			sourceTree = "<group>";
		};
		FADA9771219B55B400DE03A9 /* Products */ = {
			isa = PBXGroup;
			children = (
				FADA9770219B55B400DE03A9 /* IosUIDesign_Youtube_Mitchell_Hudson.app */,
			);
			name = Products;
			sourceTree = "<group>";
		};
		FADA9772219B55B400DE03A9 /* IosUIDesign_Youtube_Mitchell_Hudson */ = {
			isa = PBXGroup;
			children = (
				FADA9773219B55B400DE03A9 /* AppDelegate.swift */,
				FADA9775219B55B400DE03A9 /* ViewController.swift */,
				FADA9777219B55B400DE03A9 /* Main.storyboard */,
				FADA977A219B55C000DE03A9 /* Assets.xcassets */,
				FADA977C219B55C000DE03A9 /* LaunchScreen.storyboard */,
				FADA977F219B55C000DE03A9 /* Info.plist */,
			);
			path = IosUIDesign_Youtube_Mitchell_Hudson;
			sourceTree = "<group>";
		};
/* End PBXGroup section */

/* Begin PBXNativeTarget section */
		FADA976F219B55B300DE03A9 /* IosUIDesign_Youtube_Mitchell_Hudson */ = {
			isa = PBXNativeTarget;
			buildConfigurationList = FADA9782219B55C000DE03A9 /* Build configuration list for PBXNativeTarget "IosUIDesign_Youtube_Mitchell_Hudson" */;
			buildPhases = (
				FADA976C219B55B300DE03A9 /* Sources */,
				FADA976D219B55B300DE03A9 /* Frameworks */,
				FADA976E219B55B300DE03A9 /* Resources */,
			);
			buildRules = (
			);
			dependencies = (
			);
			name = IosUIDesign_Youtube_Mitchell_Hudson;
			productName = IosUIDesign_Youtube_Mitchell_Hudson;
			productReference = FADA9770219B55B400DE03A9 /* IosUIDesign_Youtube_Mitchell_Hudson.app */;
			productType = "com.apple.product-type.application";
		};
/* End PBXNativeTarget section */

/* Begin PBXProject section */
		FADA9768219B55B300DE03A9 /* Project object */ = {
			isa = PBXProject;
			attributes = {
				LastSwiftUpdateCheck = 0940;
				LastUpgradeCheck = 0940;
				ORGANIZATIONNAME = "Code Drizzlers";
				TargetAttributes = {
					FADA976F219B55B300DE03A9 = {
						CreatedOnToolsVersion = 9.4;
					};
				};
			};
			buildConfigurationList = FADA976B219B55B300DE03A9 /* Build configuration list for PBXProject "IosUIDesign_Youtube_Mitchell_Hudson" */;
			compatibilityVersion = "Xcode 9.3";
			developmentRegion = en;
			hasScannedForEncodings = 0;
			knownRegions = (
				en,
				Base,
			);
			mainGroup = FADA9767219B55B300DE03A9;
			productRefGroup = FADA9771219B55B400DE03A9 /* Products */;
			projectDirPath = "";
			projectRoot = "";
			targets = (
				FADA976F219B55B300DE03A9 /* IosUIDesign_Youtube_Mitchell_Hudson */,
			);
		};
/* End PBXProject section */

/* Begin PBXResourcesBuildPhase section */
		FADA976E219B55B300DE03A9 /* Resources */ = {
			isa = PBXResourcesBuildPhase;
			buildActionMask = 2147483647;
			files = (
				FADA977E219B55C000DE03A9 /* LaunchScreen.storyboard in Resources */,
				FADA977B219B55C000DE03A9 /* Assets.xcassets in Resources */,
				FADA9779219B55B400DE03A9 /* Main.storyboard in Resources */,
			);
			runOnlyForDeploymentPostprocessing = 0;
		};
/* End PBXResourcesBuildPhase section */

/* Begin PBXSourcesBuildPhase section */
		FADA976C219B55B300DE03A9 /* Sources */ = {
			isa = PBXSourcesBuildPhase;
			buildActionMask = 2147483647;
			files = (
				FADA9776219B55B400DE03A9 /* ViewController.swift in Sources */,
				FADA9774219B55B400DE03A9 /* AppDelegate.swift in Sources */,
			);
			runOnlyForDeploymentPostprocessing = 0;
		};
/* End PBXSourcesBuildPhase section */

/* Begin PBXVariantGroup section */
		FADA9777219B55B400DE03A9 /* Main.storyboard */ = {
			isa = PBXVariantGroup;
			children = (
				FADA9778219B55B400DE03A9 /* Base */,
			);
			name = Main.storyboard;
			sourceTree = "<group>";
		};
		FADA977C219B55C000DE03A9 /* LaunchScreen.storyboard */ = {
			isa = PBXVariantGroup;
			children = (
				FADA977D219B55C000DE03A9 /* Base */,
			);
			name = LaunchScreen.storyboard;
			sourceTree = "<group>";
		};
/* End PBXVariantGroup section */

/* Begin XCBuildConfiguration section */
		FADA9780219B55C000DE03A9 /* Debug */ = {
			isa = XCBuildConfiguration;
			buildSettings = {
				ALWAYS_SEARCH_USER_PATHS = NO;
				CLANG_ANALYZER_NONNULL = YES;
				CLANG_ANALYZER_NUMBER_OBJECT_CONVERSION = YES_AGGRESSIVE;
				CLANG_CXX_LANGUAGE_STANDARD = "gnu++14";
				CLANG_CXX_LIBRARY = "libc++";
				CLANG_ENABLE_MODULES = YES;
				CLANG_ENABLE_OBJC_ARC = YES;
				CLANG_ENABLE_OBJC_WEAK = YES;
				CLANG_WARN_BLOCK_CAPTURE_AUTORELEASING = YES;
				CLANG_WARN_BOOL_CONVERSION = YES;
				CLANG_WARN_COMMA = YES;
				CLANG_WARN_CONSTANT_CONVERSION = YES;
				CLANG_WARN_DEPRECATED_OBJC_IMPLEMENTATIONS = YES;
				CLANG_WARN_DIRECT_OBJC_ISA_USAGE = YES_ERROR;
				CLANG_WARN_DOCUMENTATION_COMMENTS = YES;
				CLANG_WARN_EMPTY_BODY = YES;
				CLANG_WARN_ENUM_CONVERSION = YES;
				CLANG_WARN_INFINITE_RECURSION = YES;
				CLANG_WARN_INT_CONVERSION = YES;
				CLANG_WARN_NON_LITERAL_NULL_CONVERSION = YES;
				CLANG_WARN_OBJC_IMPLICIT_RETAIN_SELF = YES;
				CLANG_WARN_OBJC_LITERAL_CONVERSION = YES;
				CLANG_WARN_OBJC_ROOT_CLASS = YES_ERROR;
				CLANG_WARN_RANGE_LOOP_ANALYSIS = YES;
				CLANG_WARN_STRICT_PROTOTYPES = YES;
				CLANG_WARN_SUSPICIOUS_MOVE = YES;
				CLANG_WARN_UNGUARDED_AVAILABILITY = YES_AGGRESSIVE;
				CLANG_WARN_UNREACHABLE_CODE = YES;
				CLANG_WARN__DUPLICATE_METHOD_MATCH = YES;
				CODE_SIGN_IDENTITY = "iPhone Developer";
				COPY_PHASE_STRIP = NO;
				DEBUG_INFORMATION_FORMAT = dwarf;
				ENABLE_STRICT_OBJC_MSGSEND = YES;
				ENABLE_TESTABILITY = YES;
				GCC_C_LANGUAGE_STANDARD = gnu11;
				GCC_DYNAMIC_NO_PIC = NO;
				GCC_NO_COMMON_BLOCKS = YES;
				GCC_OPTIMIZATION_LEVEL = 0;
				GCC_PREPROCESSOR_DEFINITIONS = (
					"DEBUG=1",
					"$(inherited)",
				);
				GCC_WARN_64_TO_32_BIT_CONVERSION = YES;
				GCC_WARN_ABOUT_RETURN_TYPE = YES_ERROR;
				GCC_WARN_UNDECLARED_SELECTOR = YES;
				GCC_WARN_UNINITIALIZED_AUTOS = YES_AGGRESSIVE;
				GCC_WARN_UNUSED_FUNCTION = YES;
				GCC_WARN_UNUSED_VARIABLE = YES;
				IPHONEOS_DEPLOYMENT_TARGET = 11.4;
				MTL_ENABLE_DEBUG_INFO = YES;
				ONLY_ACTIVE_ARCH = YES;
				SDKROOT = iphoneos;
				SWIFT_ACTIVE_COMPILATION_CONDITIONS = DEBUG;
				SWIFT_OPTIMIZATION_LEVEL = "-Onone";
			};
			name = Debug;
		};
		FADA9781219B55C000DE03A9 /* Release */ = {
			isa = XCBuildConfiguration;
			buildSettings = {
				ALWAYS_SEARCH_USER_PATHS = NO;
				CLANG_ANALYZER_NONNULL = YES;
				CLANG_ANALYZER_NUMBER_OBJECT_CONVERSION = YES_AGGRESSIVE;
				CLANG_CXX_LANGUAGE_STANDARD = "gnu++14";
				CLANG_CXX_LIBRARY = "libc++";
				CLANG_ENABLE_MODULES = YES;
				CLANG_ENABLE_OBJC_ARC = YES;
				CLANG_ENABLE_OBJC_WEAK = YES;
				CLANG_WARN_BLOCK_CAPTURE_AUTORELEASING = YES;
				CLANG_WARN_BOOL_CONVERSION = YES;
				CLANG_WARN_COMMA = YES;
				CLANG_WARN_CONSTANT_CONVERSION = YES;
				CLANG_WARN_DEPRECATED_OBJC_IMPLEMENTATIONS = YES;
				CLANG_WARN_DIRECT_OBJC_ISA_USAGE = YES_ERROR;
				CLANG_WARN_DOCUMENTATION_COMMENTS = YES;
				CLANG_WARN_EMPTY_BODY = YES;
				CLANG_WARN_ENUM_CONVERSION = YES;
				CLANG_WARN_INFINITE_RECURSION = YES;
				CLANG_WARN_INT_CONVERSION = YES;
				CLANG_WARN_NON_LITERAL_NULL_CONVERSION = YES;
				CLANG_WARN_OBJC_IMPLICIT_RETAIN_SELF = YES;
				CLANG_WARN_OBJC_LITERAL_CONVERSION = YES;
				CLANG_WARN_OBJC_ROOT_CLASS = YES_ERROR;
				CLANG_WARN_RANGE_LOOP_ANALYSIS = YES;
				CLANG_WARN_STRICT_PROTOTYPES = YES;
				CLANG_WARN_SUSPICIOUS_MOVE = YES;
				CLANG_WARN_UNGUARDED_AVAILABILITY = YES_AGGRESSIVE;
				CLANG_WARN_UNREACHABLE_CODE = YES;
				CLANG_WARN__DUPLICATE_METHOD_MATCH = YES;
				CODE_SIGN_IDENTITY = "iPhone Developer";
				COPY_PHASE_STRIP = NO;
				DEBUG_INFORMATION_FORMAT = "dwarf-with-dsym";
				ENABLE_NS_ASSERTIONS = NO;
				ENABLE_STRICT_OBJC_MSGSEND = YES;
				GCC_C_LANGUAGE_STANDARD = gnu11;
				GCC_NO_COMMON_BLOCKS = YES;
				GCC_WARN_64_TO_32_BIT_CONVERSION = YES;
				GCC_WARN_ABOUT_RETURN_TYPE = YES_ERROR;
				GCC_WARN_UNDECLARED_SELECTOR = YES;
				GCC_WARN_UNINITIALIZED_AUTOS = YES_AGGRESSIVE;
				GCC_WARN_UNUSED_FUNCTION = YES;
				GCC_WARN_UNUSED_VARIABLE = YES;
				IPHONEOS_DEPLOYMENT_TARGET = 11.4;
				MTL_ENABLE_DEBUG_INFO = NO;
				SDKROOT = iphoneos;
				SWIFT_COMPILATION_MODE = wholemodule;
				SWIFT_OPTIMIZATION_LEVEL = "-O";
				VALIDATE_PRODUCT = YES;
			};
			name = Release;
		};
		FADA9783219B55C000DE03A9 /* Debug */ = {
			isa = XCBuildConfiguration;
			buildSettings = {
				ASSETCATALOG_COMPILER_APPICON_NAME = AppIcon;
				CODE_SIGN_STYLE = Automatic;
				INFOPLIST_FILE = IosUIDesign_Youtube_Mitchell_Hudson/Info.plist;
				LD_RUNPATH_SEARCH_PATHS = (
					"$(inherited)",
					"@executable_path/Frameworks",
				);
				PRODUCT_BUNDLE_IDENTIFIER = "com.codedrizzlers.IosUIDesign-Youtube-Mitchell-Hudson";
				PRODUCT_NAME = "$(TARGET_NAME)";
				SWIFT_VERSION = 4.0;
				TARGETED_DEVICE_FAMILY = "1,2";
			};
			name = Debug;
		};
		FADA9784219B55C000DE03A9 /* Release */ = {
			isa = XCBuildConfiguration;
			buildSettings = {
				ASSETCATALOG_COMPILER_APPICON_NAME = AppIcon;
				CODE_SIGN_STYLE = Automatic;
				INFOPLIST_FILE = IosUIDesign_Youtube_Mitchell_Hudson/Info.plist;
				LD_RUNPATH_SEARCH_PATHS = (
					"$(inherited)",
					"@executable_path/Frameworks",
				);
				PRODUCT_BUNDLE_IDENTIFIER = "com.codedrizzlers.IosUIDesign-Youtube-Mitchell-Hudson";
				PRODUCT_NAME = "$(TARGET_NAME)";
				SWIFT_VERSION = 4.0;
				TARGETED_DEVICE_FAMILY = "1,2";
			};
			name = Release;
		};
/* End XCBuildConfiguration section */

/* Begin XCConfigurationList section */
		FADA976B219B55B300DE03A9 /* Build configuration list for PBXProject "IosUIDesign_Youtube_Mitchell_Hudson" */ = {
			isa = XCConfigurationList;
			buildConfigurations = (
				FADA9780219B55C000DE03A9 /* Debug */,
				FADA9781219B55C000DE03A9 /* Release */,
			);
			defaultConfigurationIsVisible = 0;
			defaultConfigurationName = Release;
		};
		FADA9782219B55C000DE03A9 /* Build configuration list for PBXNativeTarget "IosUIDesign_Youtube_Mitchell_Hudson" */ = {
			isa = XCConfigurationList;
			buildConfigurations = (
				FADA9783219B55C000DE03A9 /* Debug */,
				FADA9784219B55C000DE03A9 /* Release */,
			);
			defaultConfigurationIsVisible = 0;
			defaultConfigurationName = Release;
		};
/* End XCConfigurationList section */
	};
	rootObject = FADA9768219B55B300DE03A9 /* Project object */;
}
